// !$*UTF8*$!
{
	archiveVersion = 1;
	classes = {
	};
	objectVersion = 48;
	objects = {

/* Begin PBXBuildFile section */
		C237CF101F92850F00AB5C0E /* AppDelegate.swift in Sources */ = {isa = PBXBuildFile; fileRef = C237CF0F1F92850F00AB5C0E /* AppDelegate.swift */; };
		C237CF121F92850F00AB5C0E /* art.scnassets in Resources */ = {isa = PBXBuildFile; fileRef = C237CF111F92850F00AB5C0E /* art.scnassets */; };
		C237CF141F92850F00AB5C0E /* ViewController.swift in Sources */ = {isa = PBXBuildFile; fileRef = C237CF131F92850F00AB5C0E /* ViewController.swift */; };
		C237CF171F92850F00AB5C0E /* Main.storyboard in Resources */ = {isa = PBXBuildFile; fileRef = C237CF151F92850F00AB5C0E /* Main.storyboard */; };
		C237CF191F92850F00AB5C0E /* Assets.xcassets in Resources */ = {isa = PBXBuildFile; fileRef = C237CF181F92850F00AB5C0E /* Assets.xcassets */; };
		C237CF1C1F92850F00AB5C0E /* LaunchScreen.storyboard in Resources */ = {isa = PBXBuildFile; fileRef = C237CF1A1F92850F00AB5C0E /* LaunchScreen.storyboard */; };
		C237CF281F92853C00AB5C0E /* Chair.swift in Sources */ = {isa = PBXBuildFile; fileRef = C237CF231F92853C00AB5C0E /* Chair.swift */; };
/* End PBXBuildFile section */

/* Begin PBXFileReference section */
		C237CF0C1F92850F00AB5C0E /* furnAR.app */ = {isa = PBXFileReference; explicitFileType = wrapper.application; includeInIndex = 0; path = furnAR.app; sourceTree = BUILT_PRODUCTS_DIR; };
		C237CF0F1F92850F00AB5C0E /* AppDelegate.swift */ = {isa = PBXFileReference; lastKnownFileType = sourcecode.swift; path = AppDelegate.swift; sourceTree = "<group>"; };
		C237CF111F92850F00AB5C0E /* art.scnassets */ = {isa = PBXFileReference; lastKnownFileType = wrapper.scnassets; path = art.scnassets; sourceTree = "<group>"; };
		C237CF131F92850F00AB5C0E /* ViewController.swift */ = {isa = PBXFileReference; lastKnownFileType = sourcecode.swift; path = ViewController.swift; sourceTree = "<group>"; };
		C237CF161F92850F00AB5C0E /* Base */ = {isa = PBXFileReference; lastKnownFileType = file.storyboard; name = Base; path = Base.lproj/Main.storyboard; sourceTree = "<group>"; };
		C237CF181F92850F00AB5C0E /* Assets.xcassets */ = {isa = PBXFileReference; lastKnownFileType = folder.assetcatalog; path = Assets.xcassets; sourceTree = "<group>"; };
		C237CF1B1F92850F00AB5C0E /* Base */ = {isa = PBXFileReference; lastKnownFileType = file.storyboard; name = Base; path = Base.lproj/LaunchScreen.storyboard; sourceTree = "<group>"; };
		C237CF1D1F92850F00AB5C0E /* Info.plist */ = {isa = PBXFileReference; lastKnownFileType = text.plist.xml; path = Info.plist; sourceTree = "<group>"; };
		C237CF231F92853C00AB5C0E /* Chair.swift */ = {isa = PBXFileReference; lastKnownFileType = sourcecode.swift; name = Chair.swift; path = ../../../Projects/furnAR/Chair.swift; sourceTree = "<group>"; };
		C237CF241F92853C00AB5C0E /* LICENSE */ = {isa = PBXFileReference; lastKnownFileType = text; name = LICENSE; path = ../../../Projects/furnAR/LICENSE; sourceTree = "<group>"; };
		C237CF271F92853C00AB5C0E /* README.md */ = {isa = PBXFileReference; lastKnownFileType = net.daringfireball.markdown; name = README.md; path = ../../../Projects/furnAR/README.md; sourceTree = "<group>"; };
/* End PBXFileReference section */

/* Begin PBXFrameworksBuildPhase section */
		C237CF091F92850F00AB5C0E /* Frameworks */ = {
			isa = PBXFrameworksBuildPhase;
			buildActionMask = 2147483647;
			files = (
			);
			runOnlyForDeploymentPostprocessing = 0;
		};
/* End PBXFrameworksBuildPhase section */

/* Begin PBXGroup section */
		C237CF031F92850E00AB5C0E = {
			isa = PBXGroup;
			children = (
				C237CF0E1F92850F00AB5C0E /* furnAR */,
				C237CF0D1F92850F00AB5C0E /* Products */,
			);
			sourceTree = "<group>";
		};
		C237CF0D1F92850F00AB5C0E /* Products */ = {
			isa = PBXGroup;
			children = (
				C237CF0C1F92850F00AB5C0E /* furnAR.app */,
			);
			name = Products;
			sourceTree = "<group>";
		};
		C237CF0E1F92850F00AB5C0E /* furnAR */ = {
			isa = PBXGroup;
			children = (
				C237CF0F1F92850F00AB5C0E /* AppDelegate.swift */,
				C237CF111F92850F00AB5C0E /* art.scnassets */,
				C237CF271F92853C00AB5C0E /* README.md */,
				C237CF131F92850F00AB5C0E /* ViewController.swift */,
				C237CF151F92850F00AB5C0E /* Main.storyboard */,
				C237CF181F92850F00AB5C0E /* Assets.xcassets */,
				C237CF231F92853C00AB5C0E /* Chair.swift */,
				C237CF241F92853C00AB5C0E /* LICENSE */,
				C237CF1A1F92850F00AB5C0E /* LaunchScreen.storyboard */,
				C237CF1D1F92850F00AB5C0E /* Info.plist */,
			);
			path = furnAR;
			sourceTree = "<group>";
		};
/* End PBXGroup section */

/* Begin PBXNativeTarget section */
		C237CF0B1F92850F00AB5C0E /* furnAR */ = {
			isa = PBXNativeTarget;
			buildConfigurationList = C237CF201F92850F00AB5C0E /* Build configuration list for PBXNativeTarget "furnAR" */;
			buildPhases = (
				C237CF081F92850F00AB5C0E /* Sources */,
				C237CF091F92850F00AB5C0E /* Frameworks */,
				C237CF0A1F92850F00AB5C0E /* Resources */,
			);
			buildRules = (
			);
			dependencies = (
			);
			name = furnAR;
			productName = furnAR;
			productReference = C237CF0C1F92850F00AB5C0E /* furnAR.app */;
			productType = "com.apple.product-type.application";
		};
/* End PBXNativeTarget section */

/* Begin PBXProject section */
		C237CF041F92850E00AB5C0E /* Project object */ = {
			isa = PBXProject;
			attributes = {
				LastSwiftUpdateCheck = 0900;
				LastUpgradeCheck = 0900;
				ORGANIZATIONNAME = "Shoji Moto";
				TargetAttributes = {
					C237CF0B1F92850F00AB5C0E = {
						CreatedOnToolsVersion = 9.0;
						ProvisioningStyle = Automatic;
					};
				};
			};
			buildConfigurationList = C237CF071F92850E00AB5C0E /* Build configuration list for PBXProject "furnAR" */;
			compatibilityVersion = "Xcode 8.0";
			developmentRegion = en;
			hasScannedForEncodings = 0;
			knownRegions = (
				en,
				Base,
			);
			mainGroup = C237CF031F92850E00AB5C0E;
			productRefGroup = C237CF0D1F92850F00AB5C0E /* Products */;
			projectDirPath = "";
			projectRoot = "";
			targets = (
				C237CF0B1F92850F00AB5C0E /* furnAR */,
			);
		};
/* End PBXProject section */

/* Begin PBXResourcesBuildPhase section */
		C237CF0A1F92850F00AB5C0E /* Resources */ = {
			isa = PBXResourcesBuildPhase;
			buildActionMask = 2147483647;
			files = (
				C237CF121F92850F00AB5C0E /* art.scnassets in Resources */,
				C237CF1C1F92850F00AB5C0E /* LaunchScreen.storyboard in Resources */,
				C237CF191F92850F00AB5C0E /* Assets.xcassets in Resources */,
				C237CF171F92850F00AB5C0E /* Main.storyboard in Resources */,
			);
			runOnlyForDeploymentPostprocessing = 0;
		};
/* End PBXResourcesBuildPhase section */

/* Begin PBXSourcesBuildPhase section */
		C237CF081F92850F00AB5C0E /* Sources */ = {
			isa = PBXSourcesBuildPhase;
			buildActionMask = 2147483647;
			files = (
				C237CF281F92853C00AB5C0E /* Chair.swift in Sources */,
				C237CF141F92850F00AB5C0E /* ViewController.swift in Sources */,
				C237CF101F92850F00AB5C0E /* AppDelegate.swift in Sources */,
			);
			runOnlyForDeploymentPostprocessing = 0;
		};
/* End PBXSourcesBuildPhase section */

/* Begin PBXVariantGroup section */
		C237CF151F92850F00AB5C0E /* Main.storyboard */ = {
			isa = PBXVariantGroup;
			children = (
				C237CF161F92850F00AB5C0E /* Base */,
			);
			name = Main.storyboard;
			sourceTree = "<group>";
		};
		C237CF1A1F92850F00AB5C0E /* LaunchScreen.storyboard */ = {
			isa = PBXVariantGroup;
			children = (
				C237CF1B1F92850F00AB5C0E /* Base */,
			);
			name = LaunchScreen.storyboard;
			sourceTree = "<group>";
		};
/* End PBXVariantGroup section */

/* Begin XCBuildConfiguration section */
		C237CF1E1F92850F00AB5C0E /* Debug */ = {
			isa = XCBuildConfiguration;
			buildSettings = {
				ALWAYS_SEARCH_USER_PATHS = NO;
				CLANG_ANALYZER_NONNULL = YES;
				CLANG_ANALYZER_NUMBER_OBJECT_CONVERSION = YES_AGGRESSIVE;
				CLANG_CXX_LANGUAGE_STANDARD = "gnu++14";
				CLANG_CXX_LIBRARY = "libc++";
				CLANG_ENABLE_MODULES = YES;
				CLANG_ENABLE_OBJC_ARC = YES;
				CLANG_WARN_BLOCK_CAPTURE_AUTORELEASING = YES;
				CLANG_WARN_BOOL_CONVERSION = YES;
				CLANG_WARN_COMMA = YES;
				CLANG_WARN_CONSTANT_CONVERSION = YES;
				CLANG_WARN_DIRECT_OBJC_ISA_USAGE = YES_ERROR;
				CLANG_WARN_DOCUMENTATION_COMMENTS = YES;
				CLANG_WARN_EMPTY_BODY = YES;
				CLANG_WARN_ENUM_CONVERSION = YES;
				CLANG_WARN_INFINITE_RECURSION = YES;
				CLANG_WARN_INT_CONVERSION = YES;
				CLANG_WARN_NON_LITERAL_NULL_CONVERSION = YES;
				CLANG_WARN_OBJC_LITERAL_CONVERSION = YES;
				CLANG_WARN_OBJC_ROOT_CLASS = YES_ERROR;
				CLANG_WARN_RANGE_LOOP_ANALYSIS = YES;
				CLANG_WARN_STRICT_PROTOTYPES = YES;
				CLANG_WARN_SUSPICIOUS_MOVE = YES;
				CLANG_WARN_UNGUARDED_AVAILABILITY = YES_AGGRESSIVE;
				CLANG_WARN_UNREACHABLE_CODE = YES;
				CLANG_WARN__DUPLICATE_METHOD_MATCH = YES;
				CODE_SIGN_IDENTITY = "iPhone Developer";
				COPY_PHASE_STRIP = NO;
				DEBUG_INFORMATION_FORMAT = dwarf;
				ENABLE_STRICT_OBJC_MSGSEND = YES;
				ENABLE_TESTABILITY = YES;
				GCC_C_LANGUAGE_STANDARD = gnu11;
				GCC_DYNAMIC_NO_PIC = NO;
				GCC_NO_COMMON_BLOCKS = YES;
				GCC_OPTIMIZATION_LEVEL = 0;
				GCC_PREPROCESSOR_DEFINITIONS = (
					"DEBUG=1",
					"$(inherited)",
				);
				GCC_WARN_64_TO_32_BIT_CONVERSION = YES;
				GCC_WARN_ABOUT_RETURN_TYPE = YES_ERROR;
				GCC_WARN_UNDECLARED_SELECTOR = YES;
				GCC_WARN_UNINITIALIZED_AUTOS = YES_AGGRESSIVE;
				GCC_WARN_UNUSED_FUNCTION = YES;
				GCC_WARN_UNUSED_VARIABLE = YES;
				IPHONEOS_DEPLOYMENT_TARGET = 11.0;
				MTL_ENABLE_DEBUG_INFO = YES;
				ONLY_ACTIVE_ARCH = YES;
				SDKROOT = iphoneos;
				SWIFT_ACTIVE_COMPILATION_CONDITIONS = DEBUG;
				SWIFT_OPTIMIZATION_LEVEL = "-Onone";
			};
			name = Debug;
		};
		C237CF1F1F92850F00AB5C0E /* Release */ = {
			isa = XCBuildConfiguration;
			buildSettings = {
				ALWAYS_SEARCH_USER_PATHS = NO;
				CLANG_ANALYZER_NONNULL = YES;
				CLANG_ANALYZER_NUMBER_OBJECT_CONVERSION = YES_AGGRESSIVE;
				CLANG_CXX_LANGUAGE_STANDARD = "gnu++14";
				CLANG_CXX_LIBRARY = "libc++";
				CLANG_ENABLE_MODULES = YES;
				CLANG_ENABLE_OBJC_ARC = YES;
				CLANG_WARN_BLOCK_CAPTURE_AUTORELEASING = YES;
				CLANG_WARN_BOOL_CONVERSION = YES;
				CLANG_WARN_COMMA = YES;
				CLANG_WARN_CONSTANT_CONVERSION = YES;
				CLANG_WARN_DIRECT_OBJC_ISA_USAGE = YES_ERROR;
				CLANG_WARN_DOCUMENTATION_COMMENTS = YES;
				CLANG_WARN_EMPTY_BODY = YES;
				CLANG_WARN_ENUM_CONVERSION = YES;
				CLANG_WARN_INFINITE_RECURSION = YES;
				CLANG_WARN_INT_CONVERSION = YES;
				CLANG_WARN_NON_LITERAL_NULL_CONVERSION = YES;
				CLANG_WARN_OBJC_LITERAL_CONVERSION = YES;
				CLANG_WARN_OBJC_ROOT_CLASS = YES_ERROR;
				CLANG_WARN_RANGE_LOOP_ANALYSIS = YES;
				CLANG_WARN_STRICT_PROTOTYPES = YES;
				CLANG_WARN_SUSPICIOUS_MOVE = YES;
				CLANG_WARN_UNGUARDED_AVAILABILITY = YES_AGGRESSIVE;
				CLANG_WARN_UNREACHABLE_CODE = YES;
				CLANG_WARN__DUPLICATE_METHOD_MATCH = YES;
				CODE_SIGN_IDENTITY = "iPhone Developer";
				COPY_PHASE_STRIP = NO;
				DEBUG_INFORMATION_FORMAT = "dwarf-with-dsym";
				ENABLE_NS_ASSERTIONS = NO;
				ENABLE_STRICT_OBJC_MSGSEND = YES;
				GCC_C_LANGUAGE_STANDARD = gnu11;
				GCC_NO_COMMON_BLOCKS = YES;
				GCC_WARN_64_TO_32_BIT_CONVERSION = YES;
				GCC_WARN_ABOUT_RETURN_TYPE = YES_ERROR;
				GCC_WARN_UNDECLARED_SELECTOR = YES;
				GCC_WARN_UNINITIALIZED_AUTOS = YES_AGGRESSIVE;
				GCC_WARN_UNUSED_FUNCTION = YES;
				GCC_WARN_UNUSED_VARIABLE = YES;
				IPHONEOS_DEPLOYMENT_TARGET = 11.0;
				MTL_ENABLE_DEBUG_INFO = NO;
				SDKROOT = iphoneos;
				SWIFT_OPTIMIZATION_LEVEL = "-Owholemodule";
				VALIDATE_PRODUCT = YES;
			};
			name = Release;
		};
		C237CF211F92850F00AB5C0E /* Debug */ = {
			isa = XCBuildConfiguration;
			buildSettings = {
				ASSETCATALOG_COMPILER_APPICON_NAME = AppIcon;
				CODE_SIGN_STYLE = Automatic;
				DEVELOPMENT_TEAM = NWZUJX4ELY;
				INFOPLIST_FILE = furnAR/Info.plist;
				LD_RUNPATH_SEARCH_PATHS = "$(inherited) @executable_path/Frameworks";
				PRODUCT_BUNDLE_IDENTIFIER = com.smoto.furnAR;
				PRODUCT_NAME = "$(TARGET_NAME)";
				SWIFT_VERSION = 4.0;
				TARGETED_DEVICE_FAMILY = "1,2";
			};
			name = Debug;
		};
		C237CF221F92850F00AB5C0E /* Release */ = {
			isa = XCBuildConfiguration;
			buildSettings = {
				ASSETCATALOG_COMPILER_APPICON_NAME = AppIcon;
				CODE_SIGN_STYLE = Automatic;
				DEVELOPMENT_TEAM = NWZUJX4ELY;
				INFOPLIST_FILE = furnAR/Info.plist;
				LD_RUNPATH_SEARCH_PATHS = "$(inherited) @executable_path/Frameworks";
				PRODUCT_BUNDLE_IDENTIFIER = com.smoto.furnAR;
				PRODUCT_NAME = "$(TARGET_NAME)";
				SWIFT_VERSION = 4.0;
				TARGETED_DEVICE_FAMILY = "1,2";
			};
			name = Release;
		};
/* End XCBuildConfiguration section */

/* Begin XCConfigurationList section */
		C237CF071F92850E00AB5C0E /* Build configuration list for PBXProject "furnAR" */ = {
			isa = XCConfigurationList;
			buildConfigurations = (
				C237CF1E1F92850F00AB5C0E /* Debug */,
				C237CF1F1F92850F00AB5C0E /* Release */,
			);
			defaultConfigurationIsVisible = 0;
			defaultConfigurationName = Release;
		};
		C237CF201F92850F00AB5C0E /* Build configuration list for PBXNativeTarget "furnAR" */ = {
			isa = XCConfigurationList;
			buildConfigurations = (
				C237CF211F92850F00AB5C0E /* Debug */,
				C237CF221F92850F00AB5C0E /* Release */,
			);
			defaultConfigurationIsVisible = 0;
			defaultConfigurationName = Release;
		};
/* End XCConfigurationList section */
	};
	rootObject = C237CF041F92850E00AB5C0E /* Project object */;
}
